
Microsoft Visual Studio Solution File, Format Version 12.00
# Visual Studio Version 16
VisualStudioVersion = 16.0.30002.166
MinimumVisualStudioVersion = 10.0.40219.1
Project("{FAE04EC0-301F-11D3-BF4B-00C04F79EFBC}") = "GameWolrd_Fr-En", "GameWolrd_Fr-En\GameWolrd_Fr-En.csproj", "{CED946CB-C11D-4539-80EC-E47531F5F375}"
EndProject
Global
	GlobalSection(SolutionConfigurationPlatforms) = preSolution
		Debug|Any CPU = Debug|Any CPU
		Release|Any CPU = Release|Any CPU
	EndGlobalSection
	GlobalSection(ProjectConfigurationPlatforms) = postSolution
		{CED946CB-C11D-4539-80EC-E47531F5F375}.Debug|Any CPU.ActiveCfg = Debug|Any CPU
		{CED946CB-C11D-4539-80EC-E47531F5F375}.Debug|Any CPU.Build.0 = Debug|Any CPU
		{CED946CB-C11D-4539-80EC-E47531F5F375}.Release|Any CPU.ActiveCfg = Release|Any CPU
		{CED946CB-C11D-4539-80EC-E47531F5F375}.Release|Any CPU.Build.0 = Release|Any CPU
	EndGlobalSection
	GlobalSection(SolutionProperties) = preSolution
		HideSolutionNode = FALSE
	EndGlobalSection
	GlobalSection(ExtensibilityGlobals) = postSolution
		SolutionGuid = {5250D1F4-A439-4266-98F5-C1FC17AC0109}
	EndGlobalSection
EndGlobal
